
Microsoft Visual Studio Solution File, Format Version 12.00
# Visual Studio Version 16
VisualStudioVersion = 16.0.31702.278
MinimumVisualStudioVersion = 10.0.40219.1
Project("{FAE04EC0-301F-11D3-BF4B-00C04F79EFBC}") = "CuadrosTexto", "CuadrosTexto\CuadrosTexto.csproj", "{8992AD4F-ED64-4007-9A24-3FF409A8940E}"
EndProject
Global
	GlobalSection(SolutionConfigurationPlatforms) = preSolution
		Debug|Any CPU = Debug|Any CPU
		Release|Any CPU = Release|Any CPU
	EndGlobalSection
	GlobalSection(ProjectConfigurationPlatforms) = postSolution
		{8992AD4F-ED64-4007-9A24-3FF409A8940E}.Debug|Any CPU.ActiveCfg = Debug|Any CPU
		{8992AD4F-ED64-4007-9A24-3FF409A8940E}.Debug|Any CPU.Build.0 = Debug|Any CPU
		{8992AD4F-ED64-4007-9A24-3FF409A8940E}.Release|Any CPU.ActiveCfg = Release|Any CPU
		{8992AD4F-ED64-4007-9A24-3FF409A8940E}.Release|Any CPU.Build.0 = Release|Any CPU
	EndGlobalSection
	GlobalSection(SolutionProperties) = preSolution
		HideSolutionNode = FALSE
	EndGlobalSection
	GlobalSection(ExtensibilityGlobals) = postSolution
		SolutionGuid = {D3EF912C-E8C5-43A5-8A93-24EE6BF25065}
	EndGlobalSection
EndGlobal
